// !$*UTF8*$!
{
	archiveVersion = 1;
	classes = {
	};
	objectVersion = 50;
	objects = {

/* Begin PBXBuildFile section */
		4689CC512445E8810001075A /* AppDelegate.swift in Sources */ = {isa = PBXBuildFile; fileRef = 4689CC502445E8810001075A /* AppDelegate.swift */; };
		4689CC532445E8810001075A /* SceneDelegate.swift in Sources */ = {isa = PBXBuildFile; fileRef = 4689CC522445E8810001075A /* SceneDelegate.swift */; };
		4689CC552445E8810001075A /* DetailViewController.swift in Sources */ = {isa = PBXBuildFile; fileRef = 4689CC542445E8810001075A /* DetailViewController.swift */; };
		4689CC582445E8810001075A /* Main.storyboard in Resources */ = {isa = PBXBuildFile; fileRef = 4689CC562445E8810001075A /* Main.storyboard */; };
		4689CC5A2445E8820001075A /* Assets.xcassets in Resources */ = {isa = PBXBuildFile; fileRef = 4689CC592445E8820001075A /* Assets.xcassets */; };
		4689CC5D2445E8820001075A /* LaunchScreen.storyboard in Resources */ = {isa = PBXBuildFile; fileRef = 4689CC5B2445E8820001075A /* LaunchScreen.storyboard */; };
		4689CC652445E8F10001075A /* MasterViewController.swift in Sources */ = {isa = PBXBuildFile; fileRef = 4689CC642445E8F10001075A /* MasterViewController.swift */; };
		4689CC672445E9720001075A /* Character_Data.plist in Resources */ = {isa = PBXBuildFile; fileRef = 4689CC662445E9720001075A /* Character_Data.plist */; };
		4689CC6A2445E9790001075A /* GradientView.swift in Sources */ = {isa = PBXBuildFile; fileRef = 4689CC682445E9790001075A /* GradientView.swift */; };
		4689CC6B2445E9790001075A /* CharactersCell.swift in Sources */ = {isa = PBXBuildFile; fileRef = 4689CC692445E9790001075A /* CharactersCell.swift */; };
		4689CC6D2445E9980001075A /* Characters.swift in Sources */ = {isa = PBXBuildFile; fileRef = 4689CC6C2445E9970001075A /* Characters.swift */; };
		4689CC942446AD9C0001075A /* PinterestLayout.swift in Sources */ = {isa = PBXBuildFile; fileRef = 4689CC932446AD9C0001075A /* PinterestLayout.swift */; };
/* End PBXBuildFile section */

/* Begin PBXFileReference section */
		4689CC4D2445E8810001075A /* CollectionViewCustomLayout.app */ = {isa = PBXFileReference; explicitFileType = wrapper.application; includeInIndex = 0; path = CollectionViewCustomLayout.app; sourceTree = BUILT_PRODUCTS_DIR; };
		4689CC502445E8810001075A /* AppDelegate.swift */ = {isa = PBXFileReference; lastKnownFileType = sourcecode.swift; path = AppDelegate.swift; sourceTree = "<group>"; };
		4689CC522445E8810001075A /* SceneDelegate.swift */ = {isa = PBXFileReference; lastKnownFileType = sourcecode.swift; path = SceneDelegate.swift; sourceTree = "<group>"; };
		4689CC542445E8810001075A /* DetailViewController.swift */ = {isa = PBXFileReference; lastKnownFileType = sourcecode.swift; path = DetailViewController.swift; sourceTree = "<group>"; };
		4689CC572445E8810001075A /* Base */ = {isa = PBXFileReference; lastKnownFileType = file.storyboard; name = Base; path = Base.lproj/Main.storyboard; sourceTree = "<group>"; };
		4689CC592445E8820001075A /* Assets.xcassets */ = {isa = PBXFileReference; lastKnownFileType = folder.assetcatalog; path = Assets.xcassets; sourceTree = "<group>"; };
		4689CC5C2445E8820001075A /* Base */ = {isa = PBXFileReference; lastKnownFileType = file.storyboard; name = Base; path = Base.lproj/LaunchScreen.storyboard; sourceTree = "<group>"; };
		4689CC5E2445E8820001075A /* Info.plist */ = {isa = PBXFileReference; lastKnownFileType = text.plist.xml; path = Info.plist; sourceTree = "<group>"; };
		4689CC642445E8F10001075A /* MasterViewController.swift */ = {isa = PBXFileReference; lastKnownFileType = sourcecode.swift; path = MasterViewController.swift; sourceTree = "<group>"; };
		4689CC662445E9720001075A /* Character_Data.plist */ = {isa = PBXFileReference; fileEncoding = 4; lastKnownFileType = text.plist.xml; path = Character_Data.plist; sourceTree = "<group>"; };
		4689CC682445E9790001075A /* GradientView.swift */ = {isa = PBXFileReference; fileEncoding = 4; lastKnownFileType = sourcecode.swift; path = GradientView.swift; sourceTree = "<group>"; };
		4689CC692445E9790001075A /* CharactersCell.swift */ = {isa = PBXFileReference; fileEncoding = 4; lastKnownFileType = sourcecode.swift; path = CharactersCell.swift; sourceTree = "<group>"; };
		4689CC6C2445E9970001075A /* Characters.swift */ = {isa = PBXFileReference; fileEncoding = 4; lastKnownFileType = sourcecode.swift; path = Characters.swift; sourceTree = "<group>"; };
		4689CC932446AD9C0001075A /* PinterestLayout.swift */ = {isa = PBXFileReference; lastKnownFileType = sourcecode.swift; path = PinterestLayout.swift; sourceTree = "<group>"; };
/* End PBXFileReference section */

/* Begin PBXFrameworksBuildPhase section */
		4689CC4A2445E8810001075A /* Frameworks */ = {
			isa = PBXFrameworksBuildPhase;
			buildActionMask = 2147483647;
			files = (
			);
			runOnlyForDeploymentPostprocessing = 0;
		};
/* End PBXFrameworksBuildPhase section */

/* Begin PBXGroup section */
		4689CC442445E8810001075A = {
			isa = PBXGroup;
			children = (
				4689CC4F2445E8810001075A /* CollectionViewCustomLayout */,
				4689CC4E2445E8810001075A /* Products */,
			);
			sourceTree = "<group>";
		};
		4689CC4E2445E8810001075A /* Products */ = {
			isa = PBXGroup;
			children = (
				4689CC4D2445E8810001075A /* CollectionViewCustomLayout.app */,
			);
			name = Products;
			sourceTree = "<group>";
		};
		4689CC4F2445E8810001075A /* CollectionViewCustomLayout */ = {
			isa = PBXGroup;
			children = (
				4689CC502445E8810001075A /* AppDelegate.swift */,
				4689CC522445E8810001075A /* SceneDelegate.swift */,
				4689CC902446AD140001075A /* Modal */,
				4689CC8F2446ACF80001075A /* Views */,
				4689CC8E2446ACE10001075A /* Controllers */,
				4689CC922446AD650001075A /* Layouts */,
				4689CC912446AD2C0001075A /* Resources */,
			);
			path = CollectionViewCustomLayout;
			sourceTree = "<group>";
		};
		4689CC8E2446ACE10001075A /* Controllers */ = {
			isa = PBXGroup;
			children = (
				4689CC642445E8F10001075A /* MasterViewController.swift */,
				4689CC542445E8810001075A /* DetailViewController.swift */,
			);
			path = Controllers;
			sourceTree = "<group>";
		};
		4689CC8F2446ACF80001075A /* Views */ = {
			isa = PBXGroup;
			children = (
				4689CC562445E8810001075A /* Main.storyboard */,
				4689CC5B2445E8820001075A /* LaunchScreen.storyboard */,
				4689CC692445E9790001075A /* CharactersCell.swift */,
				4689CC682445E9790001075A /* GradientView.swift */,
			);
			path = Views;
			sourceTree = "<group>";
		};
		4689CC902446AD140001075A /* Modal */ = {
			isa = PBXGroup;
			children = (
				4689CC6C2445E9970001075A /* Characters.swift */,
			);
			path = Modal;
			sourceTree = "<group>";
		};
		4689CC912446AD2C0001075A /* Resources */ = {
			isa = PBXGroup;
			children = (
				4689CC5E2445E8820001075A /* Info.plist */,
				4689CC662445E9720001075A /* Character_Data.plist */,
				4689CC592445E8820001075A /* Assets.xcassets */,
			);
			path = Resources;
			sourceTree = "<group>";
		};
		4689CC922446AD650001075A /* Layouts */ = {
			isa = PBXGroup;
			children = (
				4689CC932446AD9C0001075A /* PinterestLayout.swift */,
			);
			path = Layouts;
			sourceTree = "<group>";
		};
/* End PBXGroup section */

/* Begin PBXNativeTarget section */
		4689CC4C2445E8810001075A /* CollectionViewCustomLayout */ = {
			isa = PBXNativeTarget;
			buildConfigurationList = 4689CC612445E8820001075A /* Build configuration list for PBXNativeTarget "CollectionViewCustomLayout" */;
			buildPhases = (
				4689CC492445E8810001075A /* Sources */,
				4689CC4A2445E8810001075A /* Frameworks */,
				4689CC4B2445E8810001075A /* Resources */,
			);
			buildRules = (
			);
			dependencies = (
			);
			name = CollectionViewCustomLayout;
			productName = CollectionViewCustomLayout;
			productReference = 4689CC4D2445E8810001075A /* CollectionViewCustomLayout.app */;
			productType = "com.apple.product-type.application";
		};
/* End PBXNativeTarget section */

/* Begin PBXProject section */
		4689CC452445E8810001075A /* Project object */ = {
			isa = PBXProject;
			attributes = {
				LastSwiftUpdateCheck = 1120;
				LastUpgradeCheck = 1120;
				ORGANIZATIONNAME = "Pankaj kumar";
				TargetAttributes = {
					4689CC4C2445E8810001075A = {
						CreatedOnToolsVersion = 11.2.1;
					};
				};
			};
			buildConfigurationList = 4689CC482445E8810001075A /* Build configuration list for PBXProject "CollectionViewCustomLayout" */;
			compatibilityVersion = "Xcode 9.3";
			developmentRegion = en;
			hasScannedForEncodings = 0;
			knownRegions = (
				en,
				Base,
			);
			mainGroup = 4689CC442445E8810001075A;
			productRefGroup = 4689CC4E2445E8810001075A /* Products */;
			projectDirPath = "";
			projectRoot = "";
			targets = (
				4689CC4C2445E8810001075A /* CollectionViewCustomLayout */,
			);
		};
/* End PBXProject section */

/* Begin PBXResourcesBuildPhase section */
		4689CC4B2445E8810001075A /* Resources */ = {
			isa = PBXResourcesBuildPhase;
			buildActionMask = 2147483647;
			files = (
				4689CC672445E9720001075A /* Character_Data.plist in Resources */,
				4689CC5D2445E8820001075A /* LaunchScreen.storyboard in Resources */,
				4689CC5A2445E8820001075A /* Assets.xcassets in Resources */,
				4689CC582445E8810001075A /* Main.storyboard in Resources */,
			);
			runOnlyForDeploymentPostprocessing = 0;
		};
/* End PBXResourcesBuildPhase section */

/* Begin PBXSourcesBuildPhase section */
		4689CC492445E8810001075A /* Sources */ = {
			isa = PBXSourcesBuildPhase;
			buildActionMask = 2147483647;
			files = (
				4689CC652445E8F10001075A /* MasterViewController.swift in Sources */,
				4689CC6D2445E9980001075A /* Characters.swift in Sources */,
				4689CC6B2445E9790001075A /* CharactersCell.swift in Sources */,
				4689CC552445E8810001075A /* DetailViewController.swift in Sources */,
				4689CC942446AD9C0001075A /* PinterestLayout.swift in Sources */,
				4689CC6A2445E9790001075A /* GradientView.swift in Sources */,
				4689CC512445E8810001075A /* AppDelegate.swift in Sources */,
				4689CC532445E8810001075A /* SceneDelegate.swift in Sources */,
			);
			runOnlyForDeploymentPostprocessing = 0;
		};
/* End PBXSourcesBuildPhase section */

/* Begin PBXVariantGroup section */
		4689CC562445E8810001075A /* Main.storyboard */ = {
			isa = PBXVariantGroup;
			children = (
				4689CC572445E8810001075A /* Base */,
			);
			name = Main.storyboard;
			sourceTree = "<group>";
		};
		4689CC5B2445E8820001075A /* LaunchScreen.storyboard */ = {
			isa = PBXVariantGroup;
			children = (
				4689CC5C2445E8820001075A /* Base */,
			);
			name = LaunchScreen.storyboard;
			sourceTree = "<group>";
		};
/* End PBXVariantGroup section */

/* Begin XCBuildConfiguration section */
		4689CC5F2445E8820001075A /* Debug */ = {
			isa = XCBuildConfiguration;
			buildSettings = {
				ALWAYS_SEARCH_USER_PATHS = NO;
				CLANG_ANALYZER_NONNULL = YES;
				CLANG_ANALYZER_NUMBER_OBJECT_CONVERSION = YES_AGGRESSIVE;
				CLANG_CXX_LANGUAGE_STANDARD = "gnu++14";
				CLANG_CXX_LIBRARY = "libc++";
				CLANG_ENABLE_MODULES = YES;
				CLANG_ENABLE_OBJC_ARC = YES;
				CLANG_ENABLE_OBJC_WEAK = YES;
				CLANG_WARN_BLOCK_CAPTURE_AUTORELEASING = YES;
				CLANG_WARN_BOOL_CONVERSION = YES;
				CLANG_WARN_COMMA = YES;
				CLANG_WARN_CONSTANT_CONVERSION = YES;
				CLANG_WARN_DEPRECATED_OBJC_IMPLEMENTATIONS = YES;
				CLANG_WARN_DIRECT_OBJC_ISA_USAGE = YES_ERROR;
				CLANG_WARN_DOCUMENTATION_COMMENTS = YES;
				CLANG_WARN_EMPTY_BODY = YES;
				CLANG_WARN_ENUM_CONVERSION = YES;
				CLANG_WARN_INFINITE_RECURSION = YES;
				CLANG_WARN_INT_CONVERSION = YES;
				CLANG_WARN_NON_LITERAL_NULL_CONVERSION = YES;
				CLANG_WARN_OBJC_IMPLICIT_RETAIN_SELF = YES;
				CLANG_WARN_OBJC_LITERAL_CONVERSION = YES;
				CLANG_WARN_OBJC_ROOT_CLASS = YES_ERROR;
				CLANG_WARN_RANGE_LOOP_ANALYSIS = YES;
				CLANG_WARN_STRICT_PROTOTYPES = YES;
				CLANG_WARN_SUSPICIOUS_MOVE = YES;
				CLANG_WARN_UNGUARDED_AVAILABILITY = YES_AGGRESSIVE;
				CLANG_WARN_UNREACHABLE_CODE = YES;
				CLANG_WARN__DUPLICATE_METHOD_MATCH = YES;
				COPY_PHASE_STRIP = NO;
				DEBUG_INFORMATION_FORMAT = dwarf;
				ENABLE_STRICT_OBJC_MSGSEND = YES;
				ENABLE_TESTABILITY = YES;
				GCC_C_LANGUAGE_STANDARD = gnu11;
				GCC_DYNAMIC_NO_PIC = NO;
				GCC_NO_COMMON_BLOCKS = YES;
				GCC_OPTIMIZATION_LEVEL = 0;
				GCC_PREPROCESSOR_DEFINITIONS = (
					"DEBUG=1",
					"$(inherited)",
				);
				GCC_WARN_64_TO_32_BIT_CONVERSION = YES;
				GCC_WARN_ABOUT_RETURN_TYPE = YES_ERROR;
				GCC_WARN_UNDECLARED_SELECTOR = YES;
				GCC_WARN_UNINITIALIZED_AUTOS = YES_AGGRESSIVE;
				GCC_WARN_UNUSED_FUNCTION = YES;
				GCC_WARN_UNUSED_VARIABLE = YES;
				IPHONEOS_DEPLOYMENT_TARGET = 13.2;
				MTL_ENABLE_DEBUG_INFO = INCLUDE_SOURCE;
				MTL_FAST_MATH = YES;
				ONLY_ACTIVE_ARCH = YES;
				SDKROOT = iphoneos;
				SWIFT_ACTIVE_COMPILATION_CONDITIONS = DEBUG;
				SWIFT_OPTIMIZATION_LEVEL = "-Onone";
			};
			name = Debug;
		};
		4689CC602445E8820001075A /* Release */ = {
			isa = XCBuildConfiguration;
			buildSettings = {
				ALWAYS_SEARCH_USER_PATHS = NO;
				CLANG_ANALYZER_NONNULL = YES;
				CLANG_ANALYZER_NUMBER_OBJECT_CONVERSION = YES_AGGRESSIVE;
				CLANG_CXX_LANGUAGE_STANDARD = "gnu++14";
				CLANG_CXX_LIBRARY = "libc++";
				CLANG_ENABLE_MODULES = YES;
				CLANG_ENABLE_OBJC_ARC = YES;
				CLANG_ENABLE_OBJC_WEAK = YES;
				CLANG_WARN_BLOCK_CAPTURE_AUTORELEASING = YES;
				CLANG_WARN_BOOL_CONVERSION = YES;
				CLANG_WARN_COMMA = YES;
				CLANG_WARN_CONSTANT_CONVERSION = YES;
				CLANG_WARN_DEPRECATED_OBJC_IMPLEMENTATIONS = YES;
				CLANG_WARN_DIRECT_OBJC_ISA_USAGE = YES_ERROR;
				CLANG_WARN_DOCUMENTATION_COMMENTS = YES;
				CLANG_WARN_EMPTY_BODY = YES;
				CLANG_WARN_ENUM_CONVERSION = YES;
				CLANG_WARN_INFINITE_RECURSION = YES;
				CLANG_WARN_INT_CONVERSION = YES;
				CLANG_WARN_NON_LITERAL_NULL_CONVERSION = YES;
				CLANG_WARN_OBJC_IMPLICIT_RETAIN_SELF = YES;
				CLANG_WARN_OBJC_LITERAL_CONVERSION = YES;
				CLANG_WARN_OBJC_ROOT_CLASS = YES_ERROR;
				CLANG_WARN_RANGE_LOOP_ANALYSIS = YES;
				CLANG_WARN_STRICT_PROTOTYPES = YES;
				CLANG_WARN_SUSPICIOUS_MOVE = YES;
				CLANG_WARN_UNGUARDED_AVAILABILITY = YES_AGGRESSIVE;
				CLANG_WARN_UNREACHABLE_CODE = YES;
				CLANG_WARN__DUPLICATE_METHOD_MATCH = YES;
				COPY_PHASE_STRIP = NO;
				DEBUG_INFORMATION_FORMAT = "dwarf-with-dsym";
				ENABLE_NS_ASSERTIONS = NO;
				ENABLE_STRICT_OBJC_MSGSEND = YES;
				GCC_C_LANGUAGE_STANDARD = gnu11;
				GCC_NO_COMMON_BLOCKS = YES;
				GCC_WARN_64_TO_32_BIT_CONVERSION = YES;
				GCC_WARN_ABOUT_RETURN_TYPE = YES_ERROR;
				GCC_WARN_UNDECLARED_SELECTOR = YES;
				GCC_WARN_UNINITIALIZED_AUTOS = YES_AGGRESSIVE;
				GCC_WARN_UNUSED_FUNCTION = YES;
				GCC_WARN_UNUSED_VARIABLE = YES;
				IPHONEOS_DEPLOYMENT_TARGET = 13.2;
				MTL_ENABLE_DEBUG_INFO = NO;
				MTL_FAST_MATH = YES;
				SDKROOT = iphoneos;
				SWIFT_COMPILATION_MODE = wholemodule;
				SWIFT_OPTIMIZATION_LEVEL = "-O";
				VALIDATE_PRODUCT = YES;
			};
			name = Release;
		};
		4689CC622445E8820001075A /* Debug */ = {
			isa = XCBuildConfiguration;
			buildSettings = {
				ASSETCATALOG_COMPILER_APPICON_NAME = AppIcon;
				CODE_SIGN_STYLE = Automatic;
				INFOPLIST_FILE = CollectionViewCustomLayout/Resources/Info.plist;
				LD_RUNPATH_SEARCH_PATHS = (
					"$(inherited)",
					"@executable_path/Frameworks",
				);
				PRODUCT_BUNDLE_IDENTIFIER = com.vinsol.CollectionViewCustomLayout;
				PRODUCT_NAME = "$(TARGET_NAME)";
				SWIFT_VERSION = 5.0;
				TARGETED_DEVICE_FAMILY = "1,2";
			};
			name = Debug;
		};
		4689CC632445E8820001075A /* Release */ = {
			isa = XCBuildConfiguration;
			buildSettings = {
				ASSETCATALOG_COMPILER_APPICON_NAME = AppIcon;
				CODE_SIGN_STYLE = Automatic;
				INFOPLIST_FILE = CollectionViewCustomLayout/Resources/Info.plist;
				LD_RUNPATH_SEARCH_PATHS = (
					"$(inherited)",
					"@executable_path/Frameworks",
				);
				PRODUCT_BUNDLE_IDENTIFIER = com.vinsol.CollectionViewCustomLayout;
				PRODUCT_NAME = "$(TARGET_NAME)";
				SWIFT_VERSION = 5.0;
				TARGETED_DEVICE_FAMILY = "1,2";
			};
			name = Release;
		};
/* End XCBuildConfiguration section */

/* Begin XCConfigurationList section */
		4689CC482445E8810001075A /* Build configuration list for PBXProject "CollectionViewCustomLayout" */ = {
			isa = XCConfigurationList;
			buildConfigurations = (
				4689CC5F2445E8820001075A /* Debug */,
				4689CC602445E8820001075A /* Release */,
			);
			defaultConfigurationIsVisible = 0;
			defaultConfigurationName = Release;
		};
		4689CC612445E8820001075A /* Build configuration list for PBXNativeTarget "CollectionViewCustomLayout" */ = {
			isa = XCConfigurationList;
			buildConfigurations = (
				4689CC622445E8820001075A /* Debug */,
				4689CC632445E8820001075A /* Release */,
			);
			defaultConfigurationIsVisible = 0;
			defaultConfigurationName = Release;
		};
/* End XCConfigurationList section */
	};
	rootObject = 4689CC452445E8810001075A /* Project object */;
}
